
Microsoft Visual Studio Solution File, Format Version 12.00
# Visual Studio Version 17
VisualStudioVersion = 17.2.32519.379
MinimumVisualStudioVersion = 10.0.40219.1
Project("{FAE04EC0-301F-11D3-BF4B-00C04F79EFBC}") = "EdgeDriverTest1", "EdgeDriverTest1\EdgeDriverTest1.csproj", "{AA37124F-D6C9-4926-83D7-D1F11ABEFA90}"
EndProject
Global
	GlobalSection(SolutionConfigurationPlatforms) = preSolution
		Debug|Any CPU = Debug|Any CPU
		Release|Any CPU = Release|Any CPU
	EndGlobalSection
	GlobalSection(ProjectConfigurationPlatforms) = postSolution
		{AA37124F-D6C9-4926-83D7-D1F11ABEFA90}.Debug|Any CPU.ActiveCfg = Debug|Any CPU
		{AA37124F-D6C9-4926-83D7-D1F11ABEFA90}.Debug|Any CPU.Build.0 = Debug|Any CPU
		{AA37124F-D6C9-4926-83D7-D1F11ABEFA90}.Release|Any CPU.ActiveCfg = Release|Any CPU
		{AA37124F-D6C9-4926-83D7-D1F11ABEFA90}.Release|Any CPU.Build.0 = Release|Any CPU
	EndGlobalSection
	GlobalSection(SolutionProperties) = preSolution
		HideSolutionNode = FALSE
	EndGlobalSection
	GlobalSection(ExtensibilityGlobals) = postSolution
		SolutionGuid = {4A46A7F3-6ECC-4E7E-91E9-67E3F3545BA9}
	EndGlobalSection
EndGlobal
