
Microsoft Visual Studio Solution File, Format Version 12.00
# Visual Studio Version 17
VisualStudioVersion = 17.2.32519.379
MinimumVisualStudioVersion = 10.0.40219.1
Project("{FAE04EC0-301F-11D3-BF4B-00C04F79EFBC}") = "AcademiaDotNet.SaldoContaBancaria", "Classes\AcademiaDotNet.SaldoContaBancaria.csproj", "{69743279-32D8-41EF-A87E-9FAF75567B88}"
EndProject
Global
	GlobalSection(SolutionConfigurationPlatforms) = preSolution
		Debug|Any CPU = Debug|Any CPU
		Release|Any CPU = Release|Any CPU
	EndGlobalSection
	GlobalSection(ProjectConfigurationPlatforms) = postSolution
		{69743279-32D8-41EF-A87E-9FAF75567B88}.Debug|Any CPU.ActiveCfg = Debug|Any CPU
		{69743279-32D8-41EF-A87E-9FAF75567B88}.Debug|Any CPU.Build.0 = Debug|Any CPU
		{69743279-32D8-41EF-A87E-9FAF75567B88}.Release|Any CPU.ActiveCfg = Release|Any CPU
		{69743279-32D8-41EF-A87E-9FAF75567B88}.Release|Any CPU.Build.0 = Release|Any CPU
	EndGlobalSection
	GlobalSection(SolutionProperties) = preSolution
		HideSolutionNode = FALSE
	EndGlobalSection
	GlobalSection(ExtensibilityGlobals) = postSolution
		SolutionGuid = {829ABFE9-2FCC-4664-AD0E-7AA3155D78EE}
	EndGlobalSection
EndGlobal
